// !$*UTF8*$!
{
	archiveVersion = 1;
	classes = {
	};
	objectVersion = 48;
	objects = {

/* Begin PBXBuildFile section */
		07E886573372FB0C71228435 /* Pods_FlixTests.framework in Frameworks */ = {isa = PBXBuildFile; fileRef = EC02E3D8541B9CD29544F466 /* Pods_FlixTests.framework */; };
		721663312209034F00BB59AA /* MovieDetailsViewController.swift in Sources */ = {isa = PBXBuildFile; fileRef = 721663302209034F00BB59AA /* MovieDetailsViewController.swift */; };
		72166333220D22EF00BB59AA /* MovieGridViewController.swift in Sources */ = {isa = PBXBuildFile; fileRef = 72166332220D22EF00BB59AA /* MovieGridViewController.swift */; };
		72D189B8220390290084C476 /* AppDelegate.swift in Sources */ = {isa = PBXBuildFile; fileRef = 72D189B7220390290084C476 /* AppDelegate.swift */; };
		72D189BD220390290084C476 /* Main.storyboard in Resources */ = {isa = PBXBuildFile; fileRef = 72D189BB220390290084C476 /* Main.storyboard */; };
		72D189BF220390290084C476 /* Assets.xcassets in Resources */ = {isa = PBXBuildFile; fileRef = 72D189BE220390290084C476 /* Assets.xcassets */; };
		72D189C2220390290084C476 /* LaunchScreen.storyboard in Resources */ = {isa = PBXBuildFile; fileRef = 72D189C0220390290084C476 /* LaunchScreen.storyboard */; };
		72D189CD2203902A0084C476 /* FlixTests.swift in Sources */ = {isa = PBXBuildFile; fileRef = 72D189CC2203902A0084C476 /* FlixTests.swift */; };
		72D189D82203902A0084C476 /* FlixUITests.swift in Sources */ = {isa = PBXBuildFile; fileRef = 72D189D72203902A0084C476 /* FlixUITests.swift */; };
		72D189E6220390560084C476 /* MovieViewController.swift in Sources */ = {isa = PBXBuildFile; fileRef = 72D189E5220390560084C476 /* MovieViewController.swift */; };
		72D189E82203B2120084C476 /* MovieCell.swift in Sources */ = {isa = PBXBuildFile; fileRef = 72D189E72203B2120084C476 /* MovieCell.swift */; };
		790DDEA7D89975FD01706434 /* Pods_Flix.framework in Frameworks */ = {isa = PBXBuildFile; fileRef = FE2D3F986836E0D7AA09ADC8 /* Pods_Flix.framework */; };
		DC6BD67A546D5BEE50DE8BF6 /* Pods_FlixUITests.framework in Frameworks */ = {isa = PBXBuildFile; fileRef = 9348D9BD47E6BE6077B507DC /* Pods_FlixUITests.framework */; };
/* End PBXBuildFile section */

/* Begin PBXContainerItemProxy section */
		72D189C92203902A0084C476 /* PBXContainerItemProxy */ = {
			isa = PBXContainerItemProxy;
			containerPortal = 72D189AC220390290084C476 /* Project object */;
			proxyType = 1;
			remoteGlobalIDString = 72D189B3220390290084C476;
			remoteInfo = Flix;
		};
		72D189D42203902A0084C476 /* PBXContainerItemProxy */ = {
			isa = PBXContainerItemProxy;
			containerPortal = 72D189AC220390290084C476 /* Project object */;
			proxyType = 1;
			remoteGlobalIDString = 72D189B3220390290084C476;
			remoteInfo = Flix;
		};
/* End PBXContainerItemProxy section */

/* Begin PBXFileReference section */
		25C3F6CA8C899A73E15986AF /* Pods-FlixTests.release.xcconfig */ = {isa = PBXFileReference; includeInIndex = 1; lastKnownFileType = text.xcconfig; name = "Pods-FlixTests.release.xcconfig"; path = "Pods/Target Support Files/Pods-FlixTests/Pods-FlixTests.release.xcconfig"; sourceTree = "<group>"; };
		322DCC119F050C347848028A /* Pods-Flix.release.xcconfig */ = {isa = PBXFileReference; includeInIndex = 1; lastKnownFileType = text.xcconfig; name = "Pods-Flix.release.xcconfig"; path = "Pods/Target Support Files/Pods-Flix/Pods-Flix.release.xcconfig"; sourceTree = "<group>"; };
		407778863D8A5769B1609EE4 /* Pods-FlixUITests.debug.xcconfig */ = {isa = PBXFileReference; includeInIndex = 1; lastKnownFileType = text.xcconfig; name = "Pods-FlixUITests.debug.xcconfig"; path = "Pods/Target Support Files/Pods-FlixUITests/Pods-FlixUITests.debug.xcconfig"; sourceTree = "<group>"; };
		5E9B75CCC0ECFE1367771692 /* Pods-FlixTests.debug.xcconfig */ = {isa = PBXFileReference; includeInIndex = 1; lastKnownFileType = text.xcconfig; name = "Pods-FlixTests.debug.xcconfig"; path = "Pods/Target Support Files/Pods-FlixTests/Pods-FlixTests.debug.xcconfig"; sourceTree = "<group>"; };
		61017C6C4207D4E44150E7A5 /* Pods-FlixUITests.release.xcconfig */ = {isa = PBXFileReference; includeInIndex = 1; lastKnownFileType = text.xcconfig; name = "Pods-FlixUITests.release.xcconfig"; path = "Pods/Target Support Files/Pods-FlixUITests/Pods-FlixUITests.release.xcconfig"; sourceTree = "<group>"; };
		721663302209034F00BB59AA /* MovieDetailsViewController.swift */ = {isa = PBXFileReference; lastKnownFileType = sourcecode.swift; path = MovieDetailsViewController.swift; sourceTree = "<group>"; };
		72166332220D22EF00BB59AA /* MovieGridViewController.swift */ = {isa = PBXFileReference; lastKnownFileType = sourcecode.swift; path = MovieGridViewController.swift; sourceTree = "<group>"; };
		72D189B4220390290084C476 /* Flix.app */ = {isa = PBXFileReference; explicitFileType = wrapper.application; includeInIndex = 0; path = Flix.app; sourceTree = BUILT_PRODUCTS_DIR; };
		72D189B7220390290084C476 /* AppDelegate.swift */ = {isa = PBXFileReference; lastKnownFileType = sourcecode.swift; path = AppDelegate.swift; sourceTree = "<group>"; };
		72D189BC220390290084C476 /* Base */ = {isa = PBXFileReference; lastKnownFileType = file.storyboard; name = Base; path = Base.lproj/Main.storyboard; sourceTree = "<group>"; };
		72D189BE220390290084C476 /* Assets.xcassets */ = {isa = PBXFileReference; lastKnownFileType = folder.assetcatalog; path = Assets.xcassets; sourceTree = "<group>"; };
		72D189C1220390290084C476 /* Base */ = {isa = PBXFileReference; lastKnownFileType = file.storyboard; name = Base; path = Base.lproj/LaunchScreen.storyboard; sourceTree = "<group>"; };
		72D189C3220390290084C476 /* Info.plist */ = {isa = PBXFileReference; lastKnownFileType = text.plist.xml; path = Info.plist; sourceTree = "<group>"; };
		72D189C82203902A0084C476 /* FlixTests.xctest */ = {isa = PBXFileReference; explicitFileType = wrapper.cfbundle; includeInIndex = 0; path = FlixTests.xctest; sourceTree = BUILT_PRODUCTS_DIR; };
		72D189CC2203902A0084C476 /* FlixTests.swift */ = {isa = PBXFileReference; lastKnownFileType = sourcecode.swift; path = FlixTests.swift; sourceTree = "<group>"; };
		72D189CE2203902A0084C476 /* Info.plist */ = {isa = PBXFileReference; lastKnownFileType = text.plist.xml; path = Info.plist; sourceTree = "<group>"; };
		72D189D32203902A0084C476 /* FlixUITests.xctest */ = {isa = PBXFileReference; explicitFileType = wrapper.cfbundle; includeInIndex = 0; path = FlixUITests.xctest; sourceTree = BUILT_PRODUCTS_DIR; };
		72D189D72203902A0084C476 /* FlixUITests.swift */ = {isa = PBXFileReference; lastKnownFileType = sourcecode.swift; path = FlixUITests.swift; sourceTree = "<group>"; };
		72D189D92203902A0084C476 /* Info.plist */ = {isa = PBXFileReference; lastKnownFileType = text.plist.xml; path = Info.plist; sourceTree = "<group>"; };
		72D189E5220390560084C476 /* MovieViewController.swift */ = {isa = PBXFileReference; lastKnownFileType = sourcecode.swift; path = MovieViewController.swift; sourceTree = "<group>"; };
		72D189E72203B2120084C476 /* MovieCell.swift */ = {isa = PBXFileReference; lastKnownFileType = sourcecode.swift; path = MovieCell.swift; sourceTree = "<group>"; };
		7EA847CC4F6EC40E450F0B3E /* Pods-Flix.debug.xcconfig */ = {isa = PBXFileReference; includeInIndex = 1; lastKnownFileType = text.xcconfig; name = "Pods-Flix.debug.xcconfig"; path = "Pods/Target Support Files/Pods-Flix/Pods-Flix.debug.xcconfig"; sourceTree = "<group>"; };
		9348D9BD47E6BE6077B507DC /* Pods_FlixUITests.framework */ = {isa = PBXFileReference; explicitFileType = wrapper.framework; includeInIndex = 0; path = Pods_FlixUITests.framework; sourceTree = BUILT_PRODUCTS_DIR; };
		EC02E3D8541B9CD29544F466 /* Pods_FlixTests.framework */ = {isa = PBXFileReference; explicitFileType = wrapper.framework; includeInIndex = 0; path = Pods_FlixTests.framework; sourceTree = BUILT_PRODUCTS_DIR; };
		FE2D3F986836E0D7AA09ADC8 /* Pods_Flix.framework */ = {isa = PBXFileReference; explicitFileType = wrapper.framework; includeInIndex = 0; path = Pods_Flix.framework; sourceTree = BUILT_PRODUCTS_DIR; };
/* End PBXFileReference section */

/* Begin PBXFrameworksBuildPhase section */
		72D189B1220390290084C476 /* Frameworks */ = {
			isa = PBXFrameworksBuildPhase;
			buildActionMask = 2147483647;
			files = (
				790DDEA7D89975FD01706434 /* Pods_Flix.framework in Frameworks */,
			);
			runOnlyForDeploymentPostprocessing = 0;
		};
		72D189C52203902A0084C476 /* Frameworks */ = {
			isa = PBXFrameworksBuildPhase;
			buildActionMask = 2147483647;
			files = (
				07E886573372FB0C71228435 /* Pods_FlixTests.framework in Frameworks */,
			);
			runOnlyForDeploymentPostprocessing = 0;
		};
		72D189D02203902A0084C476 /* Frameworks */ = {
			isa = PBXFrameworksBuildPhase;
			buildActionMask = 2147483647;
			files = (
				DC6BD67A546D5BEE50DE8BF6 /* Pods_FlixUITests.framework in Frameworks */,
			);
			runOnlyForDeploymentPostprocessing = 0;
		};
/* End PBXFrameworksBuildPhase section */

/* Begin PBXGroup section */
		19EB726F7E44DC6BB9F979BA /* Frameworks */ = {
			isa = PBXGroup;
			children = (
				FE2D3F986836E0D7AA09ADC8 /* Pods_Flix.framework */,
				EC02E3D8541B9CD29544F466 /* Pods_FlixTests.framework */,
				9348D9BD47E6BE6077B507DC /* Pods_FlixUITests.framework */,
			);
			name = Frameworks;
			sourceTree = "<group>";
		};
		72D189AB220390290084C476 = {
			isa = PBXGroup;
			children = (
				72D189B6220390290084C476 /* Flix */,
				72D189CB2203902A0084C476 /* FlixTests */,
				72D189D62203902A0084C476 /* FlixUITests */,
				72D189B5220390290084C476 /* Products */,
				8BFD06484A2ADB0AC7F6C545 /* Pods */,
				19EB726F7E44DC6BB9F979BA /* Frameworks */,
			);
			sourceTree = "<group>";
		};
		72D189B5220390290084C476 /* Products */ = {
			isa = PBXGroup;
			children = (
				72D189B4220390290084C476 /* Flix.app */,
				72D189C82203902A0084C476 /* FlixTests.xctest */,
				72D189D32203902A0084C476 /* FlixUITests.xctest */,
			);
			name = Products;
			sourceTree = "<group>";
		};
		72D189B6220390290084C476 /* Flix */ = {
			isa = PBXGroup;
			children = (
				72D189B7220390290084C476 /* AppDelegate.swift */,
				72D189BB220390290084C476 /* Main.storyboard */,
				721663302209034F00BB59AA /* MovieDetailsViewController.swift */,
				72D189BE220390290084C476 /* Assets.xcassets */,
				72D189C0220390290084C476 /* LaunchScreen.storyboard */,
				72D189C3220390290084C476 /* Info.plist */,
				72D189E5220390560084C476 /* MovieViewController.swift */,
				72166332220D22EF00BB59AA /* MovieGridViewController.swift */,
				72D189E72203B2120084C476 /* MovieCell.swift */,
			);
			path = Flix;
			sourceTree = "<group>";
		};
		72D189CB2203902A0084C476 /* FlixTests */ = {
			isa = PBXGroup;
			children = (
				72D189CC2203902A0084C476 /* FlixTests.swift */,
				72D189CE2203902A0084C476 /* Info.plist */,
			);
			path = FlixTests;
			sourceTree = "<group>";
		};
		72D189D62203902A0084C476 /* FlixUITests */ = {
			isa = PBXGroup;
			children = (
				72D189D72203902A0084C476 /* FlixUITests.swift */,
				72D189D92203902A0084C476 /* Info.plist */,
			);
			path = FlixUITests;
			sourceTree = "<group>";
		};
		8BFD06484A2ADB0AC7F6C545 /* Pods */ = {
			isa = PBXGroup;
			children = (
				7EA847CC4F6EC40E450F0B3E /* Pods-Flix.debug.xcconfig */,
				322DCC119F050C347848028A /* Pods-Flix.release.xcconfig */,
				5E9B75CCC0ECFE1367771692 /* Pods-FlixTests.debug.xcconfig */,
				25C3F6CA8C899A73E15986AF /* Pods-FlixTests.release.xcconfig */,
				407778863D8A5769B1609EE4 /* Pods-FlixUITests.debug.xcconfig */,
				61017C6C4207D4E44150E7A5 /* Pods-FlixUITests.release.xcconfig */,
			);
			name = Pods;
			sourceTree = "<group>";
		};
/* End PBXGroup section */

/* Begin PBXNativeTarget section */
		72D189B3220390290084C476 /* Flix */ = {
			isa = PBXNativeTarget;
			buildConfigurationList = 72D189DC2203902A0084C476 /* Build configuration list for PBXNativeTarget "Flix" */;
			buildPhases = (
				58FDF91EBF936EC5AF86C584 /* [CP] Check Pods Manifest.lock */,
				72D189B0220390290084C476 /* Sources */,
				72D189B1220390290084C476 /* Frameworks */,
				72D189B2220390290084C476 /* Resources */,
				35155832E6EB21719CEE4CCB /* [CP] Embed Pods Frameworks */,
			);
			buildRules = (
			);
			dependencies = (
			);
			name = Flix;
			productName = Flix;
			productReference = 72D189B4220390290084C476 /* Flix.app */;
			productType = "com.apple.product-type.application";
		};
		72D189C72203902A0084C476 /* FlixTests */ = {
			isa = PBXNativeTarget;
			buildConfigurationList = 72D189DF2203902A0084C476 /* Build configuration list for PBXNativeTarget "FlixTests" */;
			buildPhases = (
				0D70140FF4049A3E9E86AD79 /* [CP] Check Pods Manifest.lock */,
				72D189C42203902A0084C476 /* Sources */,
				72D189C52203902A0084C476 /* Frameworks */,
				72D189C62203902A0084C476 /* Resources */,
			);
			buildRules = (
			);
			dependencies = (
				72D189CA2203902A0084C476 /* PBXTargetDependency */,
			);
			name = FlixTests;
			productName = FlixTests;
			productReference = 72D189C82203902A0084C476 /* FlixTests.xctest */;
			productType = "com.apple.product-type.bundle.unit-test";
		};
		72D189D22203902A0084C476 /* FlixUITests */ = {
			isa = PBXNativeTarget;
			buildConfigurationList = 72D189E22203902A0084C476 /* Build configuration list for PBXNativeTarget "FlixUITests" */;
			buildPhases = (
				A43527DC6E3FDEA68B271C36 /* [CP] Check Pods Manifest.lock */,
				72D189CF2203902A0084C476 /* Sources */,
				72D189D02203902A0084C476 /* Frameworks */,
				72D189D12203902A0084C476 /* Resources */,
			);
			buildRules = (
			);
			dependencies = (
				72D189D52203902A0084C476 /* PBXTargetDependency */,
			);
			name = FlixUITests;
			productName = FlixUITests;
			productReference = 72D189D32203902A0084C476 /* FlixUITests.xctest */;
			productType = "com.apple.product-type.bundle.ui-testing";
		};
/* End PBXNativeTarget section */

/* Begin PBXProject section */
		72D189AC220390290084C476 /* Project object */ = {
			isa = PBXProject;
			attributes = {
				LastSwiftUpdateCheck = 0920;
				LastUpgradeCheck = 0920;
				ORGANIZATIONNAME = "Sovreign-Ariel McCarthy";
				TargetAttributes = {
					72D189B3220390290084C476 = {
						CreatedOnToolsVersion = 9.2;
						ProvisioningStyle = Automatic;
					};
					72D189C72203902A0084C476 = {
						CreatedOnToolsVersion = 9.2;
						ProvisioningStyle = Automatic;
						TestTargetID = 72D189B3220390290084C476;
					};
					72D189D22203902A0084C476 = {
						CreatedOnToolsVersion = 9.2;
						ProvisioningStyle = Automatic;
						TestTargetID = 72D189B3220390290084C476;
					};
				};
			};
			buildConfigurationList = 72D189AF220390290084C476 /* Build configuration list for PBXProject "Flix" */;
			compatibilityVersion = "Xcode 8.0";
			developmentRegion = en;
			hasScannedForEncodings = 0;
			knownRegions = (
				en,
				Base,
			);
			mainGroup = 72D189AB220390290084C476;
			productRefGroup = 72D189B5220390290084C476 /* Products */;
			projectDirPath = "";
			projectRoot = "";
			targets = (
				72D189B3220390290084C476 /* Flix */,
				72D189C72203902A0084C476 /* FlixTests */,
				72D189D22203902A0084C476 /* FlixUITests */,
			);
		};
/* End PBXProject section */

/* Begin PBXResourcesBuildPhase section */
		72D189B2220390290084C476 /* Resources */ = {
			isa = PBXResourcesBuildPhase;
			buildActionMask = 2147483647;
			files = (
				72D189C2220390290084C476 /* LaunchScreen.storyboard in Resources */,
				72D189BF220390290084C476 /* Assets.xcassets in Resources */,
				72D189BD220390290084C476 /* Main.storyboard in Resources */,
			);
			runOnlyForDeploymentPostprocessing = 0;
		};
		72D189C62203902A0084C476 /* Resources */ = {
			isa = PBXResourcesBuildPhase;
			buildActionMask = 2147483647;
			files = (
			);
			runOnlyForDeploymentPostprocessing = 0;
		};
		72D189D12203902A0084C476 /* Resources */ = {
			isa = PBXResourcesBuildPhase;
			buildActionMask = 2147483647;
			files = (
			);
			runOnlyForDeploymentPostprocessing = 0;
		};
/* End PBXResourcesBuildPhase section */

/* Begin PBXShellScriptBuildPhase section */
		0D70140FF4049A3E9E86AD79 /* [CP] Check Pods Manifest.lock */ = {
			isa = PBXShellScriptBuildPhase;
			buildActionMask = 2147483647;
			files = (
			);
			inputPaths = (
				"${PODS_PODFILE_DIR_PATH}/Podfile.lock",
				"${PODS_ROOT}/Manifest.lock",
			);
			name = "[CP] Check Pods Manifest.lock";
			outputPaths = (
				"$(DERIVED_FILE_DIR)/Pods-FlixTests-checkManifestLockResult.txt",
			);
			runOnlyForDeploymentPostprocessing = 0;
			shellPath = /bin/sh;
			shellScript = "diff \"${PODS_PODFILE_DIR_PATH}/Podfile.lock\" \"${PODS_ROOT}/Manifest.lock\" > /dev/null\nif [ $? != 0 ] ; then\n    # print error to STDERR\n    echo \"error: The sandbox is not in sync with the Podfile.lock. Run 'pod install' or update your CocoaPods installation.\" >&2\n    exit 1\nfi\n# This output is used by Xcode 'outputs' to avoid re-running this script phase.\necho \"SUCCESS\" > \"${SCRIPT_OUTPUT_FILE_0}\"\n";
			showEnvVarsInLog = 0;
		};
		35155832E6EB21719CEE4CCB /* [CP] Embed Pods Frameworks */ = {
			isa = PBXShellScriptBuildPhase;
			buildActionMask = 2147483647;
			files = (
			);
			inputPaths = (
				"${SRCROOT}/Pods/Target Support Files/Pods-Flix/Pods-Flix-frameworks.sh",
				"${BUILT_PRODUCTS_DIR}/Alamofire/Alamofire.framework",
				"${BUILT_PRODUCTS_DIR}/AlamofireImage/AlamofireImage.framework",
			);
			name = "[CP] Embed Pods Frameworks";
			outputPaths = (
				"${TARGET_BUILD_DIR}/${FRAMEWORKS_FOLDER_PATH}/Alamofire.framework",
				"${TARGET_BUILD_DIR}/${FRAMEWORKS_FOLDER_PATH}/AlamofireImage.framework",
			);
			runOnlyForDeploymentPostprocessing = 0;
			shellPath = /bin/sh;
			shellScript = "\"${SRCROOT}/Pods/Target Support Files/Pods-Flix/Pods-Flix-frameworks.sh\"\n";
			showEnvVarsInLog = 0;
		};
		58FDF91EBF936EC5AF86C584 /* [CP] Check Pods Manifest.lock */ = {
			isa = PBXShellScriptBuildPhase;
			buildActionMask = 2147483647;
			files = (
			);
			inputPaths = (
				"${PODS_PODFILE_DIR_PATH}/Podfile.lock",
				"${PODS_ROOT}/Manifest.lock",
			);
			name = "[CP] Check Pods Manifest.lock";
			outputPaths = (
				"$(DERIVED_FILE_DIR)/Pods-Flix-checkManifestLockResult.txt",
			);
			runOnlyForDeploymentPostprocessing = 0;
			shellPath = /bin/sh;
			shellScript = "diff \"${PODS_PODFILE_DIR_PATH}/Podfile.lock\" \"${PODS_ROOT}/Manifest.lock\" > /dev/null\nif [ $? != 0 ] ; then\n    # print error to STDERR\n    echo \"error: The sandbox is not in sync with the Podfile.lock. Run 'pod install' or update your CocoaPods installation.\" >&2\n    exit 1\nfi\n# This output is used by Xcode 'outputs' to avoid re-running this script phase.\necho \"SUCCESS\" > \"${SCRIPT_OUTPUT_FILE_0}\"\n";
			showEnvVarsInLog = 0;
		};
		A43527DC6E3FDEA68B271C36 /* [CP] Check Pods Manifest.lock */ = {
			isa = PBXShellScriptBuildPhase;
			buildActionMask = 2147483647;
			files = (
			);
			inputPaths = (
				"${PODS_PODFILE_DIR_PATH}/Podfile.lock",
				"${PODS_ROOT}/Manifest.lock",
			);
			name = "[CP] Check Pods Manifest.lock";
			outputPaths = (
				"$(DERIVED_FILE_DIR)/Pods-FlixUITests-checkManifestLockResult.txt",
			);
			runOnlyForDeploymentPostprocessing = 0;
			shellPath = /bin/sh;
			shellScript = "diff \"${PODS_PODFILE_DIR_PATH}/Podfile.lock\" \"${PODS_ROOT}/Manifest.lock\" > /dev/null\nif [ $? != 0 ] ; then\n    # print error to STDERR\n    echo \"error: The sandbox is not in sync with the Podfile.lock. Run 'pod install' or update your CocoaPods installation.\" >&2\n    exit 1\nfi\n# This output is used by Xcode 'outputs' to avoid re-running this script phase.\necho \"SUCCESS\" > \"${SCRIPT_OUTPUT_FILE_0}\"\n";
			showEnvVarsInLog = 0;
		};
/* End PBXShellScriptBuildPhase section */

/* Begin PBXSourcesBuildPhase section */
		72D189B0220390290084C476 /* Sources */ = {
			isa = PBXSourcesBuildPhase;
			buildActionMask = 2147483647;
			files = (
				72166333220D22EF00BB59AA /* MovieGridViewController.swift in Sources */,
				721663312209034F00BB59AA /* MovieDetailsViewController.swift in Sources */,
				72D189B8220390290084C476 /* AppDelegate.swift in Sources */,
				72D189E6220390560084C476 /* MovieViewController.swift in Sources */,
				72D189E82203B2120084C476 /* MovieCell.swift in Sources */,
			);
			runOnlyForDeploymentPostprocessing = 0;
		};
		72D189C42203902A0084C476 /* Sources */ = {
			isa = PBXSourcesBuildPhase;
			buildActionMask = 2147483647;
			files = (
				72D189CD2203902A0084C476 /* FlixTests.swift in Sources */,
			);
			runOnlyForDeploymentPostprocessing = 0;
		};
		72D189CF2203902A0084C476 /* Sources */ = {
			isa = PBXSourcesBuildPhase;
			buildActionMask = 2147483647;
			files = (
				72D189D82203902A0084C476 /* FlixUITests.swift in Sources */,
			);
			runOnlyForDeploymentPostprocessing = 0;
		};
/* End PBXSourcesBuildPhase section */

/* Begin PBXTargetDependency section */
		72D189CA2203902A0084C476 /* PBXTargetDependency */ = {
			isa = PBXTargetDependency;
			target = 72D189B3220390290084C476 /* Flix */;
			targetProxy = 72D189C92203902A0084C476 /* PBXContainerItemProxy */;
		};
		72D189D52203902A0084C476 /* PBXTargetDependency */ = {
			isa = PBXTargetDependency;
			target = 72D189B3220390290084C476 /* Flix */;
			targetProxy = 72D189D42203902A0084C476 /* PBXContainerItemProxy */;
		};
/* End PBXTargetDependency section */

/* Begin PBXVariantGroup section */
		72D189BB220390290084C476 /* Main.storyboard */ = {
			isa = PBXVariantGroup;
			children = (
				72D189BC220390290084C476 /* Base */,
			);
			name = Main.storyboard;
			sourceTree = "<group>";
		};
		72D189C0220390290084C476 /* LaunchScreen.storyboard */ = {
			isa = PBXVariantGroup;
			children = (
				72D189C1220390290084C476 /* Base */,
			);
			name = LaunchScreen.storyboard;
			sourceTree = "<group>";
		};
/* End PBXVariantGroup section */

/* Begin XCBuildConfiguration section */
		72D189DA2203902A0084C476 /* Debug */ = {
			isa = XCBuildConfiguration;
			buildSettings = {
				ALWAYS_SEARCH_USER_PATHS = NO;
				CLANG_ANALYZER_NONNULL = YES;
				CLANG_ANALYZER_NUMBER_OBJECT_CONVERSION = YES_AGGRESSIVE;
				CLANG_CXX_LANGUAGE_STANDARD = "gnu++14";
				CLANG_CXX_LIBRARY = "libc++";
				CLANG_ENABLE_MODULES = YES;
				CLANG_ENABLE_OBJC_ARC = YES;
				CLANG_WARN_BLOCK_CAPTURE_AUTORELEASING = YES;
				CLANG_WARN_BOOL_CONVERSION = YES;
				CLANG_WARN_COMMA = YES;
				CLANG_WARN_CONSTANT_CONVERSION = YES;
				CLANG_WARN_DIRECT_OBJC_ISA_USAGE = YES_ERROR;
				CLANG_WARN_DOCUMENTATION_COMMENTS = YES;
				CLANG_WARN_EMPTY_BODY = YES;
				CLANG_WARN_ENUM_CONVERSION = YES;
				CLANG_WARN_INFINITE_RECURSION = YES;
				CLANG_WARN_INT_CONVERSION = YES;
				CLANG_WARN_NON_LITERAL_NULL_CONVERSION = YES;
				CLANG_WARN_OBJC_LITERAL_CONVERSION = YES;
				CLANG_WARN_OBJC_ROOT_CLASS = YES_ERROR;
				CLANG_WARN_RANGE_LOOP_ANALYSIS = YES;
				CLANG_WARN_STRICT_PROTOTYPES = YES;
				CLANG_WARN_SUSPICIOUS_MOVE = YES;
				CLANG_WARN_UNGUARDED_AVAILABILITY = YES_AGGRESSIVE;
				CLANG_WARN_UNREACHABLE_CODE = YES;
				CLANG_WARN__DUPLICATE_METHOD_MATCH = YES;
				CODE_SIGN_IDENTITY = "iPhone Developer";
				COPY_PHASE_STRIP = NO;
				DEBUG_INFORMATION_FORMAT = dwarf;
				ENABLE_STRICT_OBJC_MSGSEND = YES;
				ENABLE_TESTABILITY = YES;
				GCC_C_LANGUAGE_STANDARD = gnu11;
				GCC_DYNAMIC_NO_PIC = NO;
				GCC_NO_COMMON_BLOCKS = YES;
				GCC_OPTIMIZATION_LEVEL = 0;
				GCC_PREPROCESSOR_DEFINITIONS = (
					"DEBUG=1",
					"$(inherited)",
				);
				GCC_WARN_64_TO_32_BIT_CONVERSION = YES;
				GCC_WARN_ABOUT_RETURN_TYPE = YES_ERROR;
				GCC_WARN_UNDECLARED_SELECTOR = YES;
				GCC_WARN_UNINITIALIZED_AUTOS = YES_AGGRESSIVE;
				GCC_WARN_UNUSED_FUNCTION = YES;
				GCC_WARN_UNUSED_VARIABLE = YES;
				IPHONEOS_DEPLOYMENT_TARGET = 11.2;
				MTL_ENABLE_DEBUG_INFO = YES;
				ONLY_ACTIVE_ARCH = YES;
				SDKROOT = iphoneos;
				SWIFT_ACTIVE_COMPILATION_CONDITIONS = DEBUG;
				SWIFT_OPTIMIZATION_LEVEL = "-Onone";
			};
			name = Debug;
		};
		72D189DB2203902A0084C476 /* Release */ = {
			isa = XCBuildConfiguration;
			buildSettings = {
				ALWAYS_SEARCH_USER_PATHS = NO;
				CLANG_ANALYZER_NONNULL = YES;
				CLANG_ANALYZER_NUMBER_OBJECT_CONVERSION = YES_AGGRESSIVE;
				CLANG_CXX_LANGUAGE_STANDARD = "gnu++14";
				CLANG_CXX_LIBRARY = "libc++";
				CLANG_ENABLE_MODULES = YES;
				CLANG_ENABLE_OBJC_ARC = YES;
				CLANG_WARN_BLOCK_CAPTURE_AUTORELEASING = YES;
				CLANG_WARN_BOOL_CONVERSION = YES;
				CLANG_WARN_COMMA = YES;
				CLANG_WARN_CONSTANT_CONVERSION = YES;
				CLANG_WARN_DIRECT_OBJC_ISA_USAGE = YES_ERROR;
				CLANG_WARN_DOCUMENTATION_COMMENTS = YES;
				CLANG_WARN_EMPTY_BODY = YES;
				CLANG_WARN_ENUM_CONVERSION = YES;
				CLANG_WARN_INFINITE_RECURSION = YES;
				CLANG_WARN_INT_CONVERSION = YES;
				CLANG_WARN_NON_LITERAL_NULL_CONVERSION = YES;
				CLANG_WARN_OBJC_LITERAL_CONVERSION = YES;
				CLANG_WARN_OBJC_ROOT_CLASS = YES_ERROR;
				CLANG_WARN_RANGE_LOOP_ANALYSIS = YES;
				CLANG_WARN_STRICT_PROTOTYPES = YES;
				CLANG_WARN_SUSPICIOUS_MOVE = YES;
				CLANG_WARN_UNGUARDED_AVAILABILITY = YES_AGGRESSIVE;
				CLANG_WARN_UNREACHABLE_CODE = YES;
				CLANG_WARN__DUPLICATE_METHOD_MATCH = YES;
				CODE_SIGN_IDENTITY = "iPhone Developer";
				COPY_PHASE_STRIP = NO;
				DEBUG_INFORMATION_FORMAT = "dwarf-with-dsym";
				ENABLE_NS_ASSERTIONS = NO;
				ENABLE_STRICT_OBJC_MSGSEND = YES;
				GCC_C_LANGUAGE_STANDARD = gnu11;
				GCC_NO_COMMON_BLOCKS = YES;
				GCC_WARN_64_TO_32_BIT_CONVERSION = YES;
				GCC_WARN_ABOUT_RETURN_TYPE = YES_ERROR;
				GCC_WARN_UNDECLARED_SELECTOR = YES;
				GCC_WARN_UNINITIALIZED_AUTOS = YES_AGGRESSIVE;
				GCC_WARN_UNUSED_FUNCTION = YES;
				GCC_WARN_UNUSED_VARIABLE = YES;
				IPHONEOS_DEPLOYMENT_TARGET = 11.2;
				MTL_ENABLE_DEBUG_INFO = NO;
				SDKROOT = iphoneos;
				SWIFT_OPTIMIZATION_LEVEL = "-Owholemodule";
				VALIDATE_PRODUCT = YES;
			};
			name = Release;
		};
		72D189DD2203902A0084C476 /* Debug */ = {
			isa = XCBuildConfiguration;
			baseConfigurationReference = 7EA847CC4F6EC40E450F0B3E /* Pods-Flix.debug.xcconfig */;
			buildSettings = {
				ASSETCATALOG_COMPILER_APPICON_NAME = AppIcon;
				CODE_SIGN_STYLE = Automatic;
				INFOPLIST_FILE = Flix/Info.plist;
				LD_RUNPATH_SEARCH_PATHS = "$(inherited) @executable_path/Frameworks";
				PRODUCT_BUNDLE_IDENTIFIER = com.Ariel.Flix;
				PRODUCT_NAME = "$(TARGET_NAME)";
				SWIFT_VERSION = 4.0;
				TARGETED_DEVICE_FAMILY = "1,2";
			};
			name = Debug;
		};
		72D189DE2203902A0084C476 /* Release */ = {
			isa = XCBuildConfiguration;
			baseConfigurationReference = 322DCC119F050C347848028A /* Pods-Flix.release.xcconfig */;
			buildSettings = {
				ASSETCATALOG_COMPILER_APPICON_NAME = AppIcon;
				CODE_SIGN_STYLE = Automatic;
				INFOPLIST_FILE = Flix/Info.plist;
				LD_RUNPATH_SEARCH_PATHS = "$(inherited) @executable_path/Frameworks";
				PRODUCT_BUNDLE_IDENTIFIER = com.Ariel.Flix;
				PRODUCT_NAME = "$(TARGET_NAME)";
				SWIFT_VERSION = 4.0;
				TARGETED_DEVICE_FAMILY = "1,2";
			};
			name = Release;
		};
		72D189E02203902A0084C476 /* Debug */ = {
			isa = XCBuildConfiguration;
			baseConfigurationReference = 5E9B75CCC0ECFE1367771692 /* Pods-FlixTests.debug.xcconfig */;
			buildSettings = {
				ALWAYS_EMBED_SWIFT_STANDARD_LIBRARIES = YES;
				BUNDLE_LOADER = "$(TEST_HOST)";
				CODE_SIGN_STYLE = Automatic;
				INFOPLIST_FILE = FlixTests/Info.plist;
				LD_RUNPATH_SEARCH_PATHS = "$(inherited) @executable_path/Frameworks @loader_path/Frameworks";
				PRODUCT_BUNDLE_IDENTIFIER = com.Ariel.FlixTests;
				PRODUCT_NAME = "$(TARGET_NAME)";
				SWIFT_VERSION = 4.0;
				TARGETED_DEVICE_FAMILY = "1,2";
				TEST_HOST = "$(BUILT_PRODUCTS_DIR)/Flix.app/Flix";
			};
			name = Debug;
		};
		72D189E12203902A0084C476 /* Release */ = {
			isa = XCBuildConfiguration;
			baseConfigurationReference = 25C3F6CA8C899A73E15986AF /* Pods-FlixTests.release.xcconfig */;
			buildSettings = {
				ALWAYS_EMBED_SWIFT_STANDARD_LIBRARIES = YES;
				BUNDLE_LOADER = "$(TEST_HOST)";
				CODE_SIGN_STYLE = Automatic;
				INFOPLIST_FILE = FlixTests/Info.plist;
				LD_RUNPATH_SEARCH_PATHS = "$(inherited) @executable_path/Frameworks @loader_path/Frameworks";
				PRODUCT_BUNDLE_IDENTIFIER = com.Ariel.FlixTests;
				PRODUCT_NAME = "$(TARGET_NAME)";
				SWIFT_VERSION = 4.0;
				TARGETED_DEVICE_FAMILY = "1,2";
				TEST_HOST = "$(BUILT_PRODUCTS_DIR)/Flix.app/Flix";
			};
			name = Release;
		};
		72D189E32203902A0084C476 /* Debug */ = {
			isa = XCBuildConfiguration;
			baseConfigurationReference = 407778863D8A5769B1609EE4 /* Pods-FlixUITests.debug.xcconfig */;
			buildSettings = {
				ALWAYS_EMBED_SWIFT_STANDARD_LIBRARIES = YES;
				CODE_SIGN_STYLE = Automatic;
				INFOPLIST_FILE = FlixUITests/Info.plist;
				LD_RUNPATH_SEARCH_PATHS = "$(inherited) @executable_path/Frameworks @loader_path/Frameworks";
				PRODUCT_BUNDLE_IDENTIFIER = com.Ariel.FlixUITests;
				PRODUCT_NAME = "$(TARGET_NAME)";
				SWIFT_VERSION = 4.0;
				TARGETED_DEVICE_FAMILY = "1,2";
				TEST_TARGET_NAME = Flix;
			};
			name = Debug;
		};
		72D189E42203902A0084C476 /* Release */ = {
			isa = XCBuildConfiguration;
			baseConfigurationReference = 61017C6C4207D4E44150E7A5 /* Pods-FlixUITests.release.xcconfig */;
			buildSettings = {
				ALWAYS_EMBED_SWIFT_STANDARD_LIBRARIES = YES;
				CODE_SIGN_STYLE = Automatic;
				INFOPLIST_FILE = FlixUITests/Info.plist;
				LD_RUNPATH_SEARCH_PATHS = "$(inherited) @executable_path/Frameworks @loader_path/Frameworks";
				PRODUCT_BUNDLE_IDENTIFIER = com.Ariel.FlixUITests;
				PRODUCT_NAME = "$(TARGET_NAME)";
				SWIFT_VERSION = 4.0;
				TARGETED_DEVICE_FAMILY = "1,2";
				TEST_TARGET_NAME = Flix;
			};
			name = Release;
		};
/* End XCBuildConfiguration section */

/* Begin XCConfigurationList section */
		72D189AF220390290084C476 /* Build configuration list for PBXProject "Flix" */ = {
			isa = XCConfigurationList;
			buildConfigurations = (
				72D189DA2203902A0084C476 /* Debug */,
				72D189DB2203902A0084C476 /* Release */,
			);
			defaultConfigurationIsVisible = 0;
			defaultConfigurationName = Release;
		};
		72D189DC2203902A0084C476 /* Build configuration list for PBXNativeTarget "Flix" */ = {
			isa = XCConfigurationList;
			buildConfigurations = (
				72D189DD2203902A0084C476 /* Debug */,
				72D189DE2203902A0084C476 /* Release */,
			);
			defaultConfigurationIsVisible = 0;
			defaultConfigurationName = Release;
		};
		72D189DF2203902A0084C476 /* Build configuration list for PBXNativeTarget "FlixTests" */ = {
			isa = XCConfigurationList;
			buildConfigurations = (
				72D189E02203902A0084C476 /* Debug */,
				72D189E12203902A0084C476 /* Release */,
			);
			defaultConfigurationIsVisible = 0;
			defaultConfigurationName = Release;
		};
		72D189E22203902A0084C476 /* Build configuration list for PBXNativeTarget "FlixUITests" */ = {
			isa = XCConfigurationList;
			buildConfigurations = (
				72D189E32203902A0084C476 /* Debug */,
				72D189E42203902A0084C476 /* Release */,
			);
			defaultConfigurationIsVisible = 0;
			defaultConfigurationName = Release;
		};
/* End XCConfigurationList section */
	};
	rootObject = 72D189AC220390290084C476 /* Project object */;
}
